
Microsoft Visual Studio Solution File, Format Version 12.00
# Visual Studio Version 16
VisualStudioVersion = 16.0.32630.194
MinimumVisualStudioVersion = 10.0.40219.1
Project("{FAE04EC0-301F-11D3-BF4B-00C04F79EFBC}") = "Deportes", "Proyecto\Deportes.csproj", "{3D552ADC-2044-4F29-B059-5BE7A1EE5CBD}"
EndProject
Global
	GlobalSection(SolutionConfigurationPlatforms) = preSolution
		Debug|Any CPU = Debug|Any CPU
		Release|Any CPU = Release|Any CPU
	EndGlobalSection
	GlobalSection(ProjectConfigurationPlatforms) = postSolution
		{3D552ADC-2044-4F29-B059-5BE7A1EE5CBD}.Debug|Any CPU.ActiveCfg = Debug|Any CPU
		{3D552ADC-2044-4F29-B059-5BE7A1EE5CBD}.Debug|Any CPU.Build.0 = Debug|Any CPU
		{3D552ADC-2044-4F29-B059-5BE7A1EE5CBD}.Release|Any CPU.ActiveCfg = Release|Any CPU
		{3D552ADC-2044-4F29-B059-5BE7A1EE5CBD}.Release|Any CPU.Build.0 = Release|Any CPU
	EndGlobalSection
	GlobalSection(SolutionProperties) = preSolution
		HideSolutionNode = FALSE
	EndGlobalSection
	GlobalSection(ExtensibilityGlobals) = postSolution
		SolutionGuid = {813252B6-D774-4A19-8C22-4095684D4B28}
	EndGlobalSection
EndGlobal
